
Microsoft Visual Studio Solution File, Format Version 12.00
# Visual Studio Version 16
VisualStudioVersion = 16.0.30907.101
MinimumVisualStudioVersion = 10.0.40219.1
Project("{FAE04EC0-301F-11D3-BF4B-00C04F79EFBC}") = "Week2_WebAPI", "Week2_WebAPI\Week2_WebAPI.csproj", "{8D863C89-39DE-49DA-80ED-82F7C7178DB0}"
EndProject
Global
	GlobalSection(SolutionConfigurationPlatforms) = preSolution
		Debug|Any CPU = Debug|Any CPU
		Release|Any CPU = Release|Any CPU
	EndGlobalSection
	GlobalSection(ProjectConfigurationPlatforms) = postSolution
		{8D863C89-39DE-49DA-80ED-82F7C7178DB0}.Debug|Any CPU.ActiveCfg = Debug|Any CPU
		{8D863C89-39DE-49DA-80ED-82F7C7178DB0}.Debug|Any CPU.Build.0 = Debug|Any CPU
		{8D863C89-39DE-49DA-80ED-82F7C7178DB0}.Release|Any CPU.ActiveCfg = Release|Any CPU
		{8D863C89-39DE-49DA-80ED-82F7C7178DB0}.Release|Any CPU.Build.0 = Release|Any CPU
	EndGlobalSection
	GlobalSection(SolutionProperties) = preSolution
		HideSolutionNode = FALSE
	EndGlobalSection
	GlobalSection(ExtensibilityGlobals) = postSolution
		SolutionGuid = {379DCB7A-6BF4-473E-B973-758AD279E8D7}
	EndGlobalSection
EndGlobal
