
Microsoft Visual Studio Solution File, Format Version 12.00
# Visual Studio Version 16
VisualStudioVersion = 16.0.30907.101
MinimumVisualStudioVersion = 10.0.40219.1
Project("{9A19103F-16F7-4668-BE54-9A1E7A4F7556}") = "Week1_WebAPI", "Week1_WebAPI\Week1_WebAPI.csproj", "{B92B9124-8198-43AB-A8D7-2075EAC8A61D}"
EndProject
Global
	GlobalSection(SolutionConfigurationPlatforms) = preSolution
		Debug|Any CPU = Debug|Any CPU
		Release|Any CPU = Release|Any CPU
	EndGlobalSection
	GlobalSection(ProjectConfigurationPlatforms) = postSolution
		{B92B9124-8198-43AB-A8D7-2075EAC8A61D}.Debug|Any CPU.ActiveCfg = Debug|Any CPU
		{B92B9124-8198-43AB-A8D7-2075EAC8A61D}.Debug|Any CPU.Build.0 = Debug|Any CPU
		{B92B9124-8198-43AB-A8D7-2075EAC8A61D}.Release|Any CPU.ActiveCfg = Release|Any CPU
		{B92B9124-8198-43AB-A8D7-2075EAC8A61D}.Release|Any CPU.Build.0 = Release|Any CPU
	EndGlobalSection
	GlobalSection(SolutionProperties) = preSolution
		HideSolutionNode = FALSE
	EndGlobalSection
	GlobalSection(ExtensibilityGlobals) = postSolution
		SolutionGuid = {CEF2C7B8-7768-47BC-AE8C-55F743EEE213}
	EndGlobalSection
EndGlobal
